
Microsoft Visual Studio Solution File, Format Version 12.00
# Visual Studio Version 16
VisualStudioVersion = 16.0.31624.102
MinimumVisualStudioVersion = 10.0.40219.1
Project("{FAE04EC0-301F-11D3-BF4B-00C04F79EFBC}") = "KoszApp", "KoszApp\KoszApp.csproj", "{44C8B618-DC91-4AE3-9675-697554708A16}"
EndProject
Global
	GlobalSection(SolutionConfigurationPlatforms) = preSolution
		Debug|Any CPU = Debug|Any CPU
		Release|Any CPU = Release|Any CPU
	EndGlobalSection
	GlobalSection(ProjectConfigurationPlatforms) = postSolution
		{44C8B618-DC91-4AE3-9675-697554708A16}.Debug|Any CPU.ActiveCfg = Debug|Any CPU
		{44C8B618-DC91-4AE3-9675-697554708A16}.Debug|Any CPU.Build.0 = Debug|Any CPU
		{44C8B618-DC91-4AE3-9675-697554708A16}.Release|Any CPU.ActiveCfg = Release|Any CPU
		{44C8B618-DC91-4AE3-9675-697554708A16}.Release|Any CPU.Build.0 = Release|Any CPU
	EndGlobalSection
	GlobalSection(SolutionProperties) = preSolution
		HideSolutionNode = FALSE
	EndGlobalSection
	GlobalSection(ExtensibilityGlobals) = postSolution
		SolutionGuid = {8FC90BCF-C0DA-4442-A7BB-27602E14D2D4}
	EndGlobalSection
EndGlobal
